// !$*UTF8*$!
{
	archiveVersion = 1;
	classes = {
	};
	objectVersion = 77;
	objects = {

/* Begin PBXBuildFile section */
		C60E8A042E744A1100E9F6C1 /* DotGothic16-Regular.ttf in Resources */ = {isa = PBXBuildFile; fileRef = C60E89FF2E744A1100E9F6C1 /* DotGothic16-Regular.ttf */; };
		C60E8A052E744A1100E9F6C1 /* Montserrat-Regular.ttf in Resources */ = {isa = PBXBuildFile; fileRef = C60E8A012E744A1100E9F6C1 /* Montserrat-Regular.ttf */; };
		C60E8A062E744A1100E9F6C1 /* nothing-font-5x7.ttf in Resources */ = {isa = PBXBuildFile; fileRef = C60E8A022E744A1100E9F6C1 /* nothing-font-5x7.ttf */; };
		C60E8A072E744A1100E9F6C1 /* Montserrat-Bold.ttf in Resources */ = {isa = PBXBuildFile; fileRef = C60E8A002E744A1100E9F6C1 /* Montserrat-Bold.ttf */; };
		C60E8A082E744A1100E9F6C1 /* XanhMono-Regular.ttf in Resources */ = {isa = PBXBuildFile; fileRef = C60E8A032E744A1100E9F6C1 /* XanhMono-Regular.ttf */; };
		C60E8A492E744AD900E9F6C1 /* GoogleMobileAds in Frameworks */ = {isa = PBXBuildFile; productRef = C60E8A482E744AD900E9F6C1 /* GoogleMobileAds */; };
		C6E543D02E745D2F00FB1AC7 /* Lottie in Frameworks */ = {isa = PBXBuildFile; productRef = C6E543CF2E745D2F00FB1AC7 /* Lottie */; };
		C6E543D52E7948E100FB1AC7 /* Dosis-Regular.ttf in Resources */ = {isa = PBXBuildFile; fileRef = C6E543D42E7948E100FB1AC7 /* Dosis-Regular.ttf */; };
/* End PBXBuildFile section */

/* Begin PBXCopyFilesBuildPhase section */
		C60E8A7E2E744C5C00E9F6C1 /* Embed Frameworks */ = {
			isa = PBXCopyFilesBuildPhase;
			buildActionMask = 2147483647;
			dstPath = "";
			dstSubfolderSpec = 10;
			files = (
			);
			name = "Embed Frameworks";
			runOnlyForDeploymentPostprocessing = 0;
		};
/* End PBXCopyFilesBuildPhase section */

/* Begin PBXFileReference section */
		C60E89F02E7449C300E9F6C1 /* Zammad Helpdesk.app */ = {isa = PBXFileReference; explicitFileType = wrapper.application; includeInIndex = 0; path = "Zammad Helpdesk.app"; sourceTree = BUILT_PRODUCTS_DIR; };
		C60E89FF2E744A1100E9F6C1 /* DotGothic16-Regular.ttf */ = {isa = PBXFileReference; lastKnownFileType = file; path = "DotGothic16-Regular.ttf"; sourceTree = "<group>"; };
		C60E8A002E744A1100E9F6C1 /* Montserrat-Bold.ttf */ = {isa = PBXFileReference; lastKnownFileType = file; path = "Montserrat-Bold.ttf"; sourceTree = "<group>"; };
		C60E8A012E744A1100E9F6C1 /* Montserrat-Regular.ttf */ = {isa = PBXFileReference; lastKnownFileType = file; path = "Montserrat-Regular.ttf"; sourceTree = "<group>"; };
		C60E8A022E744A1100E9F6C1 /* nothing-font-5x7.ttf */ = {isa = PBXFileReference; lastKnownFileType = file; path = "nothing-font-5x7.ttf"; sourceTree = "<group>"; };
		C60E8A032E744A1100E9F6C1 /* XanhMono-Regular.ttf */ = {isa = PBXFileReference; lastKnownFileType = file; path = "XanhMono-Regular.ttf"; sourceTree = "<group>"; };
		C6E543D42E7948E100FB1AC7 /* Dosis-Regular.ttf */ = {isa = PBXFileReference; lastKnownFileType = file; path = "Dosis-Regular.ttf"; sourceTree = "<group>"; };
/* End PBXFileReference section */

/* Begin PBXFileSystemSynchronizedRootGroup section */
		C60E89F22E7449C300E9F6C1 /* Zammad Helpdesk */ = {
			isa = PBXFileSystemSynchronizedRootGroup;
			path = "Zammad Helpdesk";
			sourceTree = "<group>";
		};
/* End PBXFileSystemSynchronizedRootGroup section */

/* Begin PBXFrameworksBuildPhase section */
		C60E89ED2E7449C300E9F6C1 /* Frameworks */ = {
			isa = PBXFrameworksBuildPhase;
			buildActionMask = 2147483647;
			files = (
				C60E8A492E744AD900E9F6C1 /* GoogleMobileAds in Frameworks */,
				C6E543D02E745D2F00FB1AC7 /* Lottie in Frameworks */,
			);
			runOnlyForDeploymentPostprocessing = 0;
		};
/* End PBXFrameworksBuildPhase section */

/* Begin PBXGroup section */
		C60E89E72E7449C200E9F6C1 = {
			isa = PBXGroup;
			children = (
				C60E89F22E7449C300E9F6C1 /* Zammad Helpdesk */,
				C60E89F12E7449C300E9F6C1 /* Products */,
				C60E89FE2E744A0100E9F6C1 /* Fonts */,
				C66EB3052E745C5100BBFB90 /* Frameworks */,
			);
			sourceTree = "<group>";
		};
		C60E89F12E7449C300E9F6C1 /* Products */ = {
			isa = PBXGroup;
			children = (
				C60E89F02E7449C300E9F6C1 /* Zammad Helpdesk.app */,
			);
			name = Products;
			sourceTree = "<group>";
		};
		C60E89FE2E744A0100E9F6C1 /* Fonts */ = {
			isa = PBXGroup;
			children = (
				C6E543D42E7948E100FB1AC7 /* Dosis-Regular.ttf */,
				C60E89FF2E744A1100E9F6C1 /* DotGothic16-Regular.ttf */,
				C60E8A002E744A1100E9F6C1 /* Montserrat-Bold.ttf */,
				C60E8A012E744A1100E9F6C1 /* Montserrat-Regular.ttf */,
				C60E8A022E744A1100E9F6C1 /* nothing-font-5x7.ttf */,
				C60E8A032E744A1100E9F6C1 /* XanhMono-Regular.ttf */,
			);
			path = Fonts;
			sourceTree = "<group>";
		};
		C66EB3052E745C5100BBFB90 /* Frameworks */ = {
			isa = PBXGroup;
			children = (
			);
			name = Frameworks;
			sourceTree = "<group>";
		};
/* End PBXGroup section */

/* Begin PBXNativeTarget section */
		C60E89EF2E7449C300E9F6C1 /* Zammad Helpdesk */ = {
			isa = PBXNativeTarget;
			buildConfigurationList = C60E89FB2E7449C400E9F6C1 /* Build configuration list for PBXNativeTarget "Zammad Helpdesk" */;
			buildPhases = (
				C60E89EC2E7449C300E9F6C1 /* Sources */,
				C60E89ED2E7449C300E9F6C1 /* Frameworks */,
				C60E89EE2E7449C300E9F6C1 /* Resources */,
				C60E8A7E2E744C5C00E9F6C1 /* Embed Frameworks */,
			);
			buildRules = (
			);
			dependencies = (
			);
			fileSystemSynchronizedGroups = (
				C60E89F22E7449C300E9F6C1 /* Zammad Helpdesk */,
			);
			name = "Zammad Helpdesk";
			packageProductDependencies = (
				C60E8A482E744AD900E9F6C1 /* GoogleMobileAds */,
				C6E543CF2E745D2F00FB1AC7 /* Lottie */,
			);
			productName = "Zammad Helpdesk";
			productReference = C60E89F02E7449C300E9F6C1 /* Zammad Helpdesk.app */;
			productType = "com.apple.product-type.application";
		};
/* End PBXNativeTarget section */

/* Begin PBXProject section */
		C60E89E82E7449C200E9F6C1 /* Project object */ = {
			isa = PBXProject;
			attributes = {
				BuildIndependentTargetsInParallel = 1;
				LastSwiftUpdateCheck = 1640;
				LastUpgradeCheck = 2600;
				TargetAttributes = {
					C60E89EF2E7449C300E9F6C1 = {
						CreatedOnToolsVersion = 16.4;
					};
				};
			};
			buildConfigurationList = C60E89EB2E7449C200E9F6C1 /* Build configuration list for PBXProject "Zammad Helpdesk" */;
			developmentRegion = en;
			hasScannedForEncodings = 0;
			knownRegions = (
				en,
				Base,
				nl,
				fr,
				de,
			);
			mainGroup = C60E89E72E7449C200E9F6C1;
			minimizedProjectReferenceProxies = 1;
			packageReferences = (
				C60E8A472E744AD900E9F6C1 /* XCRemoteSwiftPackageReference "swift-package-manager-google-mobile-ads" */,
				C6E543CE2E745D2F00FB1AC7 /* XCRemoteSwiftPackageReference "lottie-spm" */,
			);
			preferredProjectObjectVersion = 77;
			productRefGroup = C60E89F12E7449C300E9F6C1 /* Products */;
			projectDirPath = "";
			projectRoot = "";
			targets = (
				C60E89EF2E7449C300E9F6C1 /* Zammad Helpdesk */,
			);
		};
/* End PBXProject section */

/* Begin PBXResourcesBuildPhase section */
		C60E89EE2E7449C300E9F6C1 /* Resources */ = {
			isa = PBXResourcesBuildPhase;
			buildActionMask = 2147483647;
			files = (
				C60E8A042E744A1100E9F6C1 /* DotGothic16-Regular.ttf in Resources */,
				C60E8A052E744A1100E9F6C1 /* Montserrat-Regular.ttf in Resources */,
				C6E543D52E7948E100FB1AC7 /* Dosis-Regular.ttf in Resources */,
				C60E8A062E744A1100E9F6C1 /* nothing-font-5x7.ttf in Resources */,
				C60E8A072E744A1100E9F6C1 /* Montserrat-Bold.ttf in Resources */,
				C60E8A082E744A1100E9F6C1 /* XanhMono-Regular.ttf in Resources */,
			);
			runOnlyForDeploymentPostprocessing = 0;
		};
/* End PBXResourcesBuildPhase section */

/* Begin PBXSourcesBuildPhase section */
		C60E89EC2E7449C300E9F6C1 /* Sources */ = {
			isa = PBXSourcesBuildPhase;
			buildActionMask = 2147483647;
			files = (
			);
			runOnlyForDeploymentPostprocessing = 0;
		};
/* End PBXSourcesBuildPhase section */

/* Begin XCBuildConfiguration section */
		C60E89F92E7449C400E9F6C1 /* Debug */ = {
			isa = XCBuildConfiguration;
			buildSettings = {
				ALWAYS_SEARCH_USER_PATHS = NO;
				ASSETCATALOG_COMPILER_GENERATE_SWIFT_ASSET_SYMBOL_EXTENSIONS = YES;
				CLANG_ANALYZER_LOCALIZABILITY_NONLOCALIZED = YES;
				CLANG_ANALYZER_NONNULL = YES;
				CLANG_ANALYZER_NUMBER_OBJECT_CONVERSION = YES_AGGRESSIVE;
				CLANG_CXX_LANGUAGE_STANDARD = "gnu++20";
				CLANG_ENABLE_MODULES = YES;
				CLANG_ENABLE_OBJC_ARC = YES;
				CLANG_ENABLE_OBJC_WEAK = YES;
				CLANG_WARN_BLOCK_CAPTURE_AUTORELEASING = YES;
				CLANG_WARN_BOOL_CONVERSION = YES;
				CLANG_WARN_COMMA = YES;
				CLANG_WARN_CONSTANT_CONVERSION = YES;
				CLANG_WARN_DEPRECATED_OBJC_IMPLEMENTATIONS = YES;
				CLANG_WARN_DIRECT_OBJC_ISA_USAGE = YES_ERROR;
				CLANG_WARN_DOCUMENTATION_COMMENTS = YES;
				CLANG_WARN_EMPTY_BODY = YES;
				CLANG_WARN_ENUM_CONVERSION = YES;
				CLANG_WARN_INFINITE_RECURSION = YES;
				CLANG_WARN_INT_CONVERSION = YES;
				CLANG_WARN_NON_LITERAL_NULL_CONVERSION = YES;
				CLANG_WARN_OBJC_IMPLICIT_RETAIN_SELF = YES;
				CLANG_WARN_OBJC_LITERAL_CONVERSION = YES;
				CLANG_WARN_OBJC_ROOT_CLASS = YES_ERROR;
				CLANG_WARN_QUOTED_INCLUDE_IN_FRAMEWORK_HEADER = YES;
				CLANG_WARN_RANGE_LOOP_ANALYSIS = YES;
				CLANG_WARN_STRICT_PROTOTYPES = YES;
				CLANG_WARN_SUSPICIOUS_MOVE = YES;
				CLANG_WARN_UNGUARDED_AVAILABILITY = YES_AGGRESSIVE;
				CLANG_WARN_UNREACHABLE_CODE = YES;
				CLANG_WARN__DUPLICATE_METHOD_MATCH = YES;
				COPY_PHASE_STRIP = NO;
				DEBUG_INFORMATION_FORMAT = dwarf;
				DEVELOPMENT_TEAM = BT576Q4697;
				ENABLE_STRICT_OBJC_MSGSEND = YES;
				ENABLE_TESTABILITY = YES;
				ENABLE_USER_SCRIPT_SANDBOXING = YES;
				GCC_C_LANGUAGE_STANDARD = gnu17;
				GCC_DYNAMIC_NO_PIC = NO;
				GCC_NO_COMMON_BLOCKS = YES;
				GCC_OPTIMIZATION_LEVEL = 0;
				GCC_PREPROCESSOR_DEFINITIONS = (
					"DEBUG=1",
					"$(inherited)",
				);
				GCC_WARN_64_TO_32_BIT_CONVERSION = YES;
				GCC_WARN_ABOUT_RETURN_TYPE = YES_ERROR;
				GCC_WARN_UNDECLARED_SELECTOR = YES;
				GCC_WARN_UNINITIALIZED_AUTOS = YES_AGGRESSIVE;
				GCC_WARN_UNUSED_FUNCTION = YES;
				GCC_WARN_UNUSED_VARIABLE = YES;
				IPHONEOS_DEPLOYMENT_TARGET = 18.5;
				LOCALIZATION_PREFERS_STRING_CATALOGS = YES;
				MTL_ENABLE_DEBUG_INFO = INCLUDE_SOURCE;
				MTL_FAST_MATH = YES;
				ONLY_ACTIVE_ARCH = YES;
				PRODUCT_NAME = "Zammad Helpdesk";
				SDKROOT = iphoneos;
				STRING_CATALOG_GENERATE_SYMBOLS = YES;
				SWIFT_ACTIVE_COMPILATION_CONDITIONS = "DEBUG $(inherited)";
				SWIFT_OPTIMIZATION_LEVEL = "-Onone";
			};
			name = Debug;
		};
		C60E89FA2E7449C400E9F6C1 /* Release */ = {
			isa = XCBuildConfiguration;
			buildSettings = {
				ALWAYS_SEARCH_USER_PATHS = NO;
				ASSETCATALOG_COMPILER_GENERATE_SWIFT_ASSET_SYMBOL_EXTENSIONS = YES;
				CLANG_ANALYZER_LOCALIZABILITY_NONLOCALIZED = YES;
				CLANG_ANALYZER_NONNULL = YES;
				CLANG_ANALYZER_NUMBER_OBJECT_CONVERSION = YES_AGGRESSIVE;
				CLANG_CXX_LANGUAGE_STANDARD = "gnu++20";
				CLANG_ENABLE_MODULES = YES;
				CLANG_ENABLE_OBJC_ARC = YES;
				CLANG_ENABLE_OBJC_WEAK = YES;
				CLANG_WARN_BLOCK_CAPTURE_AUTORELEASING = YES;
				CLANG_WARN_BOOL_CONVERSION = YES;
				CLANG_WARN_COMMA = YES;
				CLANG_WARN_CONSTANT_CONVERSION = YES;
				CLANG_WARN_DEPRECATED_OBJC_IMPLEMENTATIONS = YES;
				CLANG_WARN_DIRECT_OBJC_ISA_USAGE = YES_ERROR;
				CLANG_WARN_DOCUMENTATION_COMMENTS = YES;
				CLANG_WARN_EMPTY_BODY = YES;
				CLANG_WARN_ENUM_CONVERSION = YES;
				CLANG_WARN_INFINITE_RECURSION = YES;
				CLANG_WARN_INT_CONVERSION = YES;
				CLANG_WARN_NON_LITERAL_NULL_CONVERSION = YES;
				CLANG_WARN_OBJC_IMPLICIT_RETAIN_SELF = YES;
				CLANG_WARN_OBJC_LITERAL_CONVERSION = YES;
				CLANG_WARN_OBJC_ROOT_CLASS = YES_ERROR;
				CLANG_WARN_QUOTED_INCLUDE_IN_FRAMEWORK_HEADER = YES;
				CLANG_WARN_RANGE_LOOP_ANALYSIS = YES;
				CLANG_WARN_STRICT_PROTOTYPES = YES;
				CLANG_WARN_SUSPICIOUS_MOVE = YES;
				CLANG_WARN_UNGUARDED_AVAILABILITY = YES_AGGRESSIVE;
				CLANG_WARN_UNREACHABLE_CODE = YES;
				CLANG_WARN__DUPLICATE_METHOD_MATCH = YES;
				COPY_PHASE_STRIP = NO;
				DEBUG_INFORMATION_FORMAT = "dwarf-with-dsym";
				DEVELOPMENT_TEAM = BT576Q4697;
				ENABLE_NS_ASSERTIONS = NO;
				ENABLE_STRICT_OBJC_MSGSEND = YES;
				ENABLE_USER_SCRIPT_SANDBOXING = YES;
				GCC_C_LANGUAGE_STANDARD = gnu17;
				GCC_NO_COMMON_BLOCKS = YES;
				GCC_WARN_64_TO_32_BIT_CONVERSION = YES;
				GCC_WARN_ABOUT_RETURN_TYPE = YES_ERROR;
				GCC_WARN_UNDECLARED_SELECTOR = YES;
				GCC_WARN_UNINITIALIZED_AUTOS = YES_AGGRESSIVE;
				GCC_WARN_UNUSED_FUNCTION = YES;
				GCC_WARN_UNUSED_VARIABLE = YES;
				IPHONEOS_DEPLOYMENT_TARGET = 18.5;
				LOCALIZATION_PREFERS_STRING_CATALOGS = YES;
				MTL_ENABLE_DEBUG_INFO = NO;
				MTL_FAST_MATH = YES;
				PRODUCT_NAME = "Zammad Helpdesk";
				SDKROOT = iphoneos;
				STRING_CATALOG_GENERATE_SYMBOLS = YES;
				SWIFT_COMPILATION_MODE = wholemodule;
				VALIDATE_PRODUCT = YES;
			};
			name = Release;
		};
		C60E89FC2E7449C400E9F6C1 /* Debug */ = {
			isa = XCBuildConfiguration;
			buildSettings = {
				ASSETCATALOG_COMPILER_APPICON_NAME = AppIcon;
				ASSETCATALOG_COMPILER_GLOBAL_ACCENT_COLOR_NAME = AccentColor;
				ASSETCATALOG_COMPILER_INCLUDE_ALL_APPICON_ASSETS = YES;
				CODE_SIGN_ENTITLEMENTS = "Zammad Helpdesk/Zammad Helpdesk.entitlements";
				CODE_SIGN_STYLE = Automatic;
				CURRENT_PROJECT_VERSION = 19.6;
				DEBUG_INFORMATION_FORMAT = "dwarf-with-dsym";
				DEVELOPMENT_TEAM = BT576Q4697;
				ENABLE_PREVIEWS = YES;
				GENERATE_INFOPLIST_FILE = YES;
				INFOPLIST_FILE = "Zammad-Helpdesk-Info.plist";
				INFOPLIST_KEY_CFBundleDisplayName = "Zammad Helpdesk";
				INFOPLIST_KEY_ITSAppUsesNonExemptEncryption = NO;
				INFOPLIST_KEY_LSApplicationCategoryType = "public.app-category.productivity";
				INFOPLIST_KEY_NSFaceIDUsageDescription = "To secure your app and protect your ticket data";
				INFOPLIST_KEY_UIApplicationSceneManifest_Generation = YES;
				INFOPLIST_KEY_UIApplicationSupportsIndirectInputEvents = YES;
				INFOPLIST_KEY_UILaunchScreen_Generation = YES;
				INFOPLIST_KEY_UISupportedInterfaceOrientations_iPad = "UIInterfaceOrientationPortrait UIInterfaceOrientationPortraitUpsideDown UIInterfaceOrientationLandscapeLeft UIInterfaceOrientationLandscapeRight";
				INFOPLIST_KEY_UISupportedInterfaceOrientations_iPhone = "UIInterfaceOrientationPortrait UIInterfaceOrientationLandscapeLeft UIInterfaceOrientationLandscapeRight";
				IPHONEOS_DEPLOYMENT_TARGET = 26.0;
				LD_RUNPATH_SEARCH_PATHS = (
					"$(inherited)",
					"@executable_path/Frameworks",
				);
				MARKETING_VERSION = 1.1;
				PRODUCT_BUNDLE_IDENTIFIER = "com.World-ICT.Zammad-Helpdesk";
				PRODUCT_NAME = "$(TARGET_NAME)";
				SWIFT_EMIT_LOC_STRINGS = YES;
				SWIFT_VERSION = 5.0;
				TARGETED_DEVICE_FAMILY = "1,2";
			};
			name = Debug;
		};
		C60E89FD2E7449C400E9F6C1 /* Release */ = {
			isa = XCBuildConfiguration;
			buildSettings = {
				ASSETCATALOG_COMPILER_APPICON_NAME = AppIcon;
				ASSETCATALOG_COMPILER_GLOBAL_ACCENT_COLOR_NAME = AccentColor;
				ASSETCATALOG_COMPILER_INCLUDE_ALL_APPICON_ASSETS = YES;
				CODE_SIGN_ENTITLEMENTS = "Zammad Helpdesk/Zammad Helpdesk.entitlements";
				CODE_SIGN_STYLE = Automatic;
				CURRENT_PROJECT_VERSION = 19.6;
				DEVELOPMENT_TEAM = BT576Q4697;
				ENABLE_PREVIEWS = YES;
				GENERATE_INFOPLIST_FILE = YES;
				INFOPLIST_FILE = "Zammad-Helpdesk-Info.plist";
				INFOPLIST_KEY_CFBundleDisplayName = "Zammad Helpdesk";
				INFOPLIST_KEY_ITSAppUsesNonExemptEncryption = NO;
				INFOPLIST_KEY_LSApplicationCategoryType = "public.app-category.productivity";
				INFOPLIST_KEY_NSFaceIDUsageDescription = "To secure your app and protect your ticket data";
				INFOPLIST_KEY_UIApplicationSceneManifest_Generation = YES;
				INFOPLIST_KEY_UIApplicationSupportsIndirectInputEvents = YES;
				INFOPLIST_KEY_UILaunchScreen_Generation = YES;
				INFOPLIST_KEY_UISupportedInterfaceOrientations_iPad = "UIInterfaceOrientationPortrait UIInterfaceOrientationPortraitUpsideDown UIInterfaceOrientationLandscapeLeft UIInterfaceOrientationLandscapeRight";
				INFOPLIST_KEY_UISupportedInterfaceOrientations_iPhone = "UIInterfaceOrientationPortrait UIInterfaceOrientationLandscapeLeft UIInterfaceOrientationLandscapeRight";
				IPHONEOS_DEPLOYMENT_TARGET = 26.0;
				LD_RUNPATH_SEARCH_PATHS = (
					"$(inherited)",
					"@executable_path/Frameworks",
				);
				MARKETING_VERSION = 1.1;
				PRODUCT_BUNDLE_IDENTIFIER = "com.World-ICT.Zammad-Helpdesk";
				PRODUCT_NAME = "$(TARGET_NAME)";
				SWIFT_EMIT_LOC_STRINGS = YES;
				SWIFT_VERSION = 5.0;
				TARGETED_DEVICE_FAMILY = "1,2";
			};
			name = Release;
		};
/* End XCBuildConfiguration section */

/* Begin XCConfigurationList section */
		C60E89EB2E7449C200E9F6C1 /* Build configuration list for PBXProject "Zammad Helpdesk" */ = {
			isa = XCConfigurationList;
			buildConfigurations = (
				C60E89F92E7449C400E9F6C1 /* Debug */,
				C60E89FA2E7449C400E9F6C1 /* Release */,
			);
			defaultConfigurationIsVisible = 0;
			defaultConfigurationName = Release;
		};
		C60E89FB2E7449C400E9F6C1 /* Build configuration list for PBXNativeTarget "Zammad Helpdesk" */ = {
			isa = XCConfigurationList;
			buildConfigurations = (
				C60E89FC2E7449C400E9F6C1 /* Debug */,
				C60E89FD2E7449C400E9F6C1 /* Release */,
			);
			defaultConfigurationIsVisible = 0;
			defaultConfigurationName = Release;
		};
/* End XCConfigurationList section */

/* Begin XCRemoteSwiftPackageReference section */
		C60E8A472E744AD900E9F6C1 /* XCRemoteSwiftPackageReference "swift-package-manager-google-mobile-ads" */ = {
			isa = XCRemoteSwiftPackageReference;
			repositoryURL = "https://github.com/googleads/swift-package-manager-google-mobile-ads";
			requirement = {
				kind = upToNextMajorVersion;
				minimumVersion = 12.11.0;
			};
		};
		C6E543CE2E745D2F00FB1AC7 /* XCRemoteSwiftPackageReference "lottie-spm" */ = {
			isa = XCRemoteSwiftPackageReference;
			repositoryURL = "https://github.com/airbnb/lottie-spm.git";
			requirement = {
				kind = upToNextMajorVersion;
				minimumVersion = 4.5.2;
			};
		};
/* End XCRemoteSwiftPackageReference section */

/* Begin XCSwiftPackageProductDependency section */
		C60E8A482E744AD900E9F6C1 /* GoogleMobileAds */ = {
			isa = XCSwiftPackageProductDependency;
			package = C60E8A472E744AD900E9F6C1 /* XCRemoteSwiftPackageReference "swift-package-manager-google-mobile-ads" */;
			productName = GoogleMobileAds;
		};
		C6E543CF2E745D2F00FB1AC7 /* Lottie */ = {
			isa = XCSwiftPackageProductDependency;
			package = C6E543CE2E745D2F00FB1AC7 /* XCRemoteSwiftPackageReference "lottie-spm" */;
			productName = Lottie;
		};
/* End XCSwiftPackageProductDependency section */
	};
	rootObject = C60E89E82E7449C200E9F6C1 /* Project object */;
}
